<Solution>
  <Folder Name="/src/">
    <Project Path="src/ArcForges.ArcScope.Domain/ArcForges.ArcScope.Domain.csproj" />
    <Project Path="src/ArcForges.ArcScope.Core/ArcForges.ArcScope.Core.csproj" />
    <Project Path="src/ArcForges.ArcScope/ArcForges.ArcScope.csproj" />
  </Folder>
  <Folder Name="/tests/">
    <Project Path="tests/ArcForges.ArcScope.Tests/ArcForges.ArcScope.Tests.csproj" />
    <Project Path="tests/ArchitectureTests/ArcForges.ArcScope.ArchitectureTests.csproj" />
  </Folder>
  <Folder Name="/eng/"><Project Path="eng/ArcForges.Repository/ArcForges.Repository.csproj" /></Folder>
</Solution>
