{
  "version": 2,
  "dependencies": {
    "net10.0": {
      "ArcForges.Build.Policy": {
        "type": "Direct",
        "requested": "[1.0.0-ci.100.1, )",
        "resolved": "1.0.0-ci.100.1",
        "contentHash": "gwnkSdJsIKHUQe/5BYLFIXZLQuxAXd6est4kfQa4K77YSgVspaHwxfpD77Cn4lA+izEZ86eUYOExyNpwznlA+Q=="
      }
    }
  }
}